
Microsoft Visual Studio Solution File, Format Version 12.00
# Visual Studio Version 16
VisualStudioVersion = 16.0.31313.79
MinimumVisualStudioVersion = 10.0.40219.1
Project("{FAE04EC0-301F-11D3-BF4B-00C04F79EFBC}") = "AppLogin", "AppLogin\AppLogin.csproj", "{582D52FE-A87A-4A90-97AE-F30EFB0DF543}"
EndProject
Project("{FAE04EC0-301F-11D3-BF4B-00C04F79EFBC}") = "AppLoginEntity", "AppLoginEntity\AppLoginEntity.csproj", "{D49BC3E3-C706-4CF2-9AE0-D7B00DD2AEA2}"
EndProject
Project("{FAE04EC0-301F-11D3-BF4B-00C04F79EFBC}") = "AppLoginBLL", "AppLoginBLL\AppLoginBLL.csproj", "{4B57FF77-FCFC-4326-9AE6-8BC62B35301D}"
EndProject
Global
	GlobalSection(SolutionConfigurationPlatforms) = preSolution
		Debug|Any CPU = Debug|Any CPU
		Release|Any CPU = Release|Any CPU
	EndGlobalSection
	GlobalSection(ProjectConfigurationPlatforms) = postSolution
		{582D52FE-A87A-4A90-97AE-F30EFB0DF543}.Debug|Any CPU.ActiveCfg = Debug|Any CPU
		{582D52FE-A87A-4A90-97AE-F30EFB0DF543}.Debug|Any CPU.Build.0 = Debug|Any CPU
		{582D52FE-A87A-4A90-97AE-F30EFB0DF543}.Release|Any CPU.ActiveCfg = Release|Any CPU
		{582D52FE-A87A-4A90-97AE-F30EFB0DF543}.Release|Any CPU.Build.0 = Release|Any CPU
		{D49BC3E3-C706-4CF2-9AE0-D7B00DD2AEA2}.Debug|Any CPU.ActiveCfg = Debug|Any CPU
		{D49BC3E3-C706-4CF2-9AE0-D7B00DD2AEA2}.Debug|Any CPU.Build.0 = Debug|Any CPU
		{D49BC3E3-C706-4CF2-9AE0-D7B00DD2AEA2}.Release|Any CPU.ActiveCfg = Release|Any CPU
		{D49BC3E3-C706-4CF2-9AE0-D7B00DD2AEA2}.Release|Any CPU.Build.0 = Release|Any CPU
		{4B57FF77-FCFC-4326-9AE6-8BC62B35301D}.Debug|Any CPU.ActiveCfg = Debug|Any CPU
		{4B57FF77-FCFC-4326-9AE6-8BC62B35301D}.Debug|Any CPU.Build.0 = Debug|Any CPU
		{4B57FF77-FCFC-4326-9AE6-8BC62B35301D}.Release|Any CPU.ActiveCfg = Release|Any CPU
		{4B57FF77-FCFC-4326-9AE6-8BC62B35301D}.Release|Any CPU.Build.0 = Release|Any CPU
	EndGlobalSection
	GlobalSection(SolutionProperties) = preSolution
		HideSolutionNode = FALSE
	EndGlobalSection
	GlobalSection(ExtensibilityGlobals) = postSolution
		SolutionGuid = {C396CA10-1C41-4261-B7D2-1F0BC9C24B4A}
	EndGlobalSection
EndGlobal
